<?xml version="1.0" encoding="utf-8"?>
<Project ToolsVersion="4.0" xmlns="http://schemas.microsoft.com/developer/msbuild/2003">
  <ItemGroup>
    <Filter Include="소스 파일">
      <UniqueIdentifier>{4FC737F1-C7A5-4376-A066-2A32D752A2FF}</UniqueIdentifier>
      <Extensions>cpp;c;cc;cxx;def;odl;idl;hpj;bat;asm;asmx</Extensions>
    </Filter>
    <Filter Include="헤더 파일">
      <UniqueIdentifier>{93995380-89BD-4b04-88EB-625FBE52EBFB}</UniqueIdentifier>
      <Extensions>h;hh;hpp;hxx;hm;inl;inc;ipp;xsd</Extensions>
    </Filter>
    <Filter Include="리소스 파일">
      <UniqueIdentifier>{67DA6AB6-F800-4c08-8B7A-83BB121AAD01}</UniqueIdentifier>
      <Extensions>rc;ico;cur;bmp;dlg;rc2;rct;bin;rgs;gif;jpg;jpeg;jpe;resx;tiff;tif;png;wav;mfcribbon-ms</Extensions>
    </Filter>
    <Filter Include="Manager">
      <UniqueIdentifier>{28d55269-f1c1-4ba4-a741-4c3ded7fb081}</UniqueIdentifier>
    </Filter>
    <Filter Include="SingletonBase">
      <UniqueIdentifier>{8bd46074-5465-425c-ab92-ca74f114fad4}</UniqueIdentifier>
    </Filter>
    <Filter Include="Manager\DeviceManager">
      <UniqueIdentifier>{f58033ee-b71c-4c2e-9896-ae9ae5bb93b0}</UniqueIdentifier>
    </Filter>
    <Filter Include="Manager\SceneManager">
      <UniqueIdentifier>{2123ddf4-35c1-4a40-b29b-81dc513d4b67}</UniqueIdentifier>
    </Filter>
    <Filter Include="Timer">
      <UniqueIdentifier>{39db6013-d622-4f29-a59b-9296c0efead6}</UniqueIdentifier>
    </Filter>
    <Filter Include="Manager\ObjectManager">
      <UniqueIdentifier>{5ded5ca2-67e3-4ed3-9452-b9be1c820a72}</UniqueIdentifier>
    </Filter>
    <Filter Include="GameObject">
      <UniqueIdentifier>{a4f4dc3d-e899-4463-af89-6723da9db73a}</UniqueIdentifier>
    </Filter>
    <Filter Include="GameObject\Camera">
      <UniqueIdentifier>{36f5c420-97b2-44f7-89b0-039d8bea7984}</UniqueIdentifier>
    </Filter>
    <Filter Include="GameObject\Player">
      <UniqueIdentifier>{753d3c74-0b87-487c-b5a9-26bad3f41066}</UniqueIdentifier>
    </Filter>
    <Filter Include="GameObject\Terrain">
      <UniqueIdentifier>{31bec0f2-f5ad-4a63-b243-dd5aee6a5364}</UniqueIdentifier>
    </Filter>
    <Filter Include="Manager\ShaderManager">
      <UniqueIdentifier>{f91b9170-1271-4b93-bdc0-aba311924a41}</UniqueIdentifier>
    </Filter>
    <Filter Include="HLSL">
      <UniqueIdentifier>{cc3012c2-8c67-4475-b4cd-28661ac01c4f}</UniqueIdentifier>
    </Filter>
    <Filter Include="Scene">
      <UniqueIdentifier>{1a67b4ba-8c48-4694-860b-834d72923ea6}</UniqueIdentifier>
    </Filter>
    <Filter Include="GameObject\SkyBox">
      <UniqueIdentifier>{ccef541b-0d43-403f-aeb2-493a97cab273}</UniqueIdentifier>
    </Filter>
    <Filter Include="GameObject\Helicopter">
      <UniqueIdentifier>{1d54291f-61be-46d7-b424-7b4b951a897f}</UniqueIdentifier>
    </Filter>
    <Filter Include="GameObject\Helicopter\SuperCobra">
      <UniqueIdentifier>{3c731564-716e-436a-9779-4ce700bdedf2}</UniqueIdentifier>
    </Filter>
    <Filter Include="GameObject\Helicopter\Gunship">
      <UniqueIdentifier>{8ec1a363-21e3-4cb0-9bc8-d77fc02b8034}</UniqueIdentifier>
    </Filter>
    <Filter Include="GameObject\CAngrybot">
      <UniqueIdentifier>{80516383-150d-4d58-b6be-6b93bcd76c68}</UniqueIdentifier>
    </Filter>
    <Filter Include="Core">
      <UniqueIdentifier>{b8de33d6-7621-4f04-9921-5befb43ae7f1}</UniqueIdentifier>
    </Filter>
    <Filter Include="Scene\TestScene">
      <UniqueIdentifier>{dbb89c9c-32f5-443d-ba77-556c90665c7f}</UniqueIdentifier>
    </Filter>
    <Filter Include="Manager\KeyManager">
      <UniqueIdentifier>{8e8a86cf-9cc4-457b-80a7-4c535708a32e}</UniqueIdentifier>
    </Filter>
    <Filter Include="GameObject\Plane">
      <UniqueIdentifier>{03fc9cf8-9aed-453a-a621-23fcc863083d}</UniqueIdentifier>
    </Filter>
    <Filter Include="GameObject\Mesh">
      <UniqueIdentifier>{3b451373-8ccd-4975-8c36-2a4b813eeda8}</UniqueIdentifier>
    </Filter>
    <Filter Include="GameObject\Mesh\HeightMapMesh">
      <UniqueIdentifier>{252247be-94a0-4928-a076-48f285cb2d89}</UniqueIdentifier>
    </Filter>
    <Filter Include="GameObject\Mesh\SkyBoxMesh">
      <UniqueIdentifier>{544de1ad-bb29-47c5-9028-ed1b0b1d81aa}</UniqueIdentifier>
    </Filter>
    <Filter Include="GameObject\Mesh\AircraftMesh">
      <UniqueIdentifier>{3d9187fd-9ecb-4537-ad77-f6411e9652d2}</UniqueIdentifier>
    </Filter>
    <Filter Include="GameObject\Mesh\AnimationController">
      <UniqueIdentifier>{4cb4773f-7512-423c-91c3-385adffb54ea}</UniqueIdentifier>
    </Filter>
    <Filter Include="GameObject\Mesh\SkinnedMesh">
      <UniqueIdentifier>{d64cc2d1-10af-4537-a671-89daabe89815}</UniqueIdentifier>
    </Filter>
    <Filter Include="GameObject\Mesh\PlaneMesh">
      <UniqueIdentifier>{a99660be-b8f8-437f-a6ae-860371e796e8}</UniqueIdentifier>
    </Filter>
    <Filter Include="GameObject\ColisionObject">
      <UniqueIdentifier>{7f1fc46c-e5cb-4736-b5b7-cbf0e37434b2}</UniqueIdentifier>
    </Filter>
    <Filter Include="GameObject\Missle">
      <UniqueIdentifier>{8000476f-6e80-4272-a7b8-42da249f76d3}</UniqueIdentifier>
    </Filter>
    <Filter Include="Manager\CollisionManager">
      <UniqueIdentifier>{c2a809ff-6292-423c-92bf-5d38a9efc6d6}</UniqueIdentifier>
    </Filter>
    <Filter Include="Blur">
      <UniqueIdentifier>{a7d09683-3ed7-4681-97ca-be144565349f}</UniqueIdentifier>
    </Filter>
    <Filter Include="GameObject\Plane\UI">
      <UniqueIdentifier>{35bc1100-0664-4df5-972c-d5919c6318e1}</UniqueIdentifier>
    </Filter>
    <Filter Include="GameObject\Plane\Map">
      <UniqueIdentifier>{e445323b-723c-44e7-a64b-21444de38755}</UniqueIdentifier>
    </Filter>
    <Filter Include="GameObject\Plane\Map\Water">
      <UniqueIdentifier>{504986ed-22d4-48d8-9da8-b86a42c16d5c}</UniqueIdentifier>
    </Filter>
    <Filter Include="GameObject\Plane\Effect">
      <UniqueIdentifier>{7dff33f9-6f61-4361-b8b2-bd24d0333329}</UniqueIdentifier>
    </Filter>
    <Filter Include="GameObject\Plane\Effect\MissleFog">
      <UniqueIdentifier>{76b64a8c-49da-4cbd-aa94-17e9114e024e}</UniqueIdentifier>
    </Filter>
    <Filter Include="Manager\UIManager">
      <UniqueIdentifier>{1c01627d-7ebd-46a9-8a0f-7f9baab662f5}</UniqueIdentifier>
    </Filter>
    <Filter Include="GameObject\Plane\Effect\AfterBurner">
      <UniqueIdentifier>{93214177-68f5-4abb-a61e-9564627ed139}</UniqueIdentifier>
    </Filter>
    <Filter Include="GameObject\Plane\Map\Cloud">
      <UniqueIdentifier>{3efc0695-43dc-46b5-a4d5-33b66cc99544}</UniqueIdentifier>
    </Filter>
    <Filter Include="GameObject\Plane\Effect\MissleSplash">
      <UniqueIdentifier>{dac87b33-b0d5-43e5-ba34-1cca994ed2a0}</UniqueIdentifier>
    </Filter>
    <Filter Include="Manager\FileManager">
      <UniqueIdentifier>{acc19733-c34a-4593-bae3-a6a87cf6c1fe}</UniqueIdentifier>
    </Filter>
    <Filter Include="Manager\LoadTextureManager">
      <UniqueIdentifier>{ba5c510d-3c2d-4417-9152-d3795542f21e}</UniqueIdentifier>
    </Filter>
    <Filter Include="Manager\AI">
      <UniqueIdentifier>{5f7c28f3-7b46-4e9d-9fe4-7c205d6ff0c5}</UniqueIdentifier>
    </Filter>
    <Filter Include="Manager\AI\AIManager">
      <UniqueIdentifier>{5daf32cc-2f5c-496d-b540-7cab5d2db11f}</UniqueIdentifier>
    </Filter>
    <Filter Include="Manager\AI\Node">
      <UniqueIdentifier>{fd5324c4-0545-4f5f-b3d2-7d81ca45977e}</UniqueIdentifier>
    </Filter>
    <Filter Include="Manager\AI\Act">
      <UniqueIdentifier>{c0497780-212c-4e4d-9665-e78db3918ac2}</UniqueIdentifier>
    </Filter>
    <Filter Include="GameObject\Mesh\BoxMesh">
      <UniqueIdentifier>{bf1ebcd3-9abe-4cfe-af97-12c37219dff2}</UniqueIdentifier>
    </Filter>
    <Filter Include="GameObject\Mesh\Vertex">
      <UniqueIdentifier>{58e218ce-db0a-40d9-a4ab-9c5c1c884bcb}</UniqueIdentifier>
    </Filter>
    <Filter Include="GameObject\Bullet">
      <UniqueIdentifier>{22121b53-a5e2-42a2-a645-8c588d8f9a42}</UniqueIdentifier>
    </Filter>
    <Filter Include="Scene\MenuScene">
      <UniqueIdentifier>{aa010675-6321-45e2-accc-386403d925d5}</UniqueIdentifier>
    </Filter>
  </ItemGroup>
  <ItemGroup>
    <ClInclude Include="targetver.h">
      <Filter>헤더 파일</Filter>
    </ClInclude>
    <ClInclude Include="Resource.h">
      <Filter>헤더 파일</Filter>
    </ClInclude>
    <ClInclude Include="DDSTextureLoader12.h">
      <Filter>헤더 파일</Filter>
    </ClInclude>
    <ClInclude Include="d3dx12.h">
      <Filter>헤더 파일</Filter>
    </ClInclude>
    <ClInclude Include="SingletonBase.h">
      <Filter>SingletonBase</Filter>
    </ClInclude>
    <ClInclude Include="SceneManager.h">
      <Filter>Manager\SceneManager</Filter>
    </ClInclude>
    <ClInclude Include="Timer.h">
      <Filter>Timer</Filter>
    </ClInclude>
    <ClInclude Include="ObjectManager.h">
      <Filter>Manager\ObjectManager</Filter>
    </ClInclude>
    <ClInclude Include="Enum.h">
      <Filter>헤더 파일</Filter>
    </ClInclude>
    <ClInclude Include="CGameObject.h">
      <Filter>GameObject</Filter>
    </ClInclude>
    <ClInclude Include="Define.h">
      <Filter>헤더 파일</Filter>
    </ClInclude>
    <ClInclude Include="CMesh.h">
      <Filter>GameObject\Mesh</Filter>
    </ClInclude>
    <ClInclude Include="CHeightMapMesh.h">
      <Filter>GameObject\Mesh\HeightMapMesh</Filter>
    </ClInclude>
    <ClInclude Include="CSkyBoxMesh.h">
      <Filter>GameObject\Mesh\SkyBoxMesh</Filter>
    </ClInclude>
    <ClInclude Include="CAnimationController.h">
      <Filter>GameObject\Mesh\AnimationController</Filter>
    </ClInclude>
    <ClInclude Include="CAircraftMesh.h">
      <Filter>GameObject\Mesh\AircraftMesh</Filter>
    </ClInclude>
    <ClInclude Include="CSkinnedMesh.h">
      <Filter>GameObject\Mesh\SkinnedMesh</Filter>
    </ClInclude>
    <ClInclude Include="CCamera.h">
      <Filter>GameObject\Camera</Filter>
    </ClInclude>
    <ClInclude Include="CPlayer.h">
      <Filter>GameObject\Player</Filter>
    </ClInclude>
    <ClInclude Include="CHeightMapTerrain.h">
      <Filter>GameObject\Terrain</Filter>
    </ClInclude>
    <ClInclude Include="WICTextureLoader12.h">
      <Filter>헤더 파일</Filter>
    </ClInclude>
    <ClInclude Include="CShaderManager.h">
      <Filter>Manager\ShaderManager</Filter>
    </ClInclude>
    <ClInclude Include="CSkyBox.h">
      <Filter>GameObject\SkyBox</Filter>
    </ClInclude>
    <ClInclude Include="CSuperCobraObject.h">
      <Filter>GameObject\Helicopter\SuperCobra</Filter>
    </ClInclude>
    <ClInclude Include="CGunshipObject.h">
      <Filter>GameObject\Helicopter\Gunship</Filter>
    </ClInclude>
    <ClInclude Include="CAngrybotObject.h">
      <Filter>GameObject\CAngrybot</Filter>
    </ClInclude>
    <ClInclude Include="Project1.h">
      <Filter>Core</Filter>
    </ClInclude>
    <ClInclude Include="CTestScene.h">
      <Filter>Scene\TestScene</Filter>
    </ClInclude>
    <ClInclude Include="CScene.h">
      <Filter>Scene</Filter>
    </ClInclude>
    <ClInclude Include="framework.h">
      <Filter>헤더 파일</Filter>
    </ClInclude>
    <ClInclude Include="stdafx.h">
      <Filter>헤더 파일</Filter>
    </ClInclude>
    <ClInclude Include="KeyManager.h">
      <Filter>Manager\KeyManager</Filter>
    </ClInclude>
    <ClInclude Include="Constant.h">
      <Filter>헤더 파일</Filter>
    </ClInclude>
    <ClInclude Include="CPlaneMesh.h">
      <Filter>GameObject\Mesh\PlaneMesh</Filter>
    </ClInclude>
    <ClInclude Include="CPlane.h">
      <Filter>GameObject\Plane</Filter>
    </ClInclude>
    <ClInclude Include="CSphereCollider.h">
      <Filter>GameObject\ColisionObject</Filter>
    </ClInclude>
    <ClInclude Include="CMissle.h">
      <Filter>GameObject\Missle</Filter>
    </ClInclude>
    <ClInclude Include="CollisionManager.h">
      <Filter>Manager\CollisionManager</Filter>
    </ClInclude>
    <ClInclude Include="CBlurFilter.h">
      <Filter>Blur</Filter>
    </ClInclude>
    <ClInclude Include="CBlur.h">
      <Filter>Blur</Filter>
    </ClInclude>
    <ClInclude Include="CUI.h">
      <Filter>GameObject\Plane\UI</Filter>
    </ClInclude>
    <ClInclude Include="CMissleFog.h">
      <Filter>GameObject\Plane\Effect\MissleFog</Filter>
    </ClInclude>
    <ClInclude Include="CWater.h">
      <Filter>GameObject\Plane\Map\Water</Filter>
    </ClInclude>
    <ClInclude Include="CLockOnUI.h">
      <Filter>GameObject\Plane\UI</Filter>
    </ClInclude>
    <ClInclude Include="UIManager.h">
      <Filter>Manager\UIManager</Filter>
    </ClInclude>
    <ClInclude Include="CAfterBurner.h">
      <Filter>GameObject\Plane\Effect\AfterBurner</Filter>
    </ClInclude>
    <ClInclude Include="CCloud.h">
      <Filter>GameObject\Plane\Map\Cloud</Filter>
    </ClInclude>
    <ClInclude Include="CMissleSplash.h">
      <Filter>GameObject\Plane\Effect\MissleSplash</Filter>
    </ClInclude>
    <ClInclude Include="FileManager.h">
      <Filter>Manager\FileManager</Filter>
    </ClInclude>
    <ClInclude Include="LoadTextureManager.h">
      <Filter>Manager\LoadTextureManager</Filter>
    </ClInclude>
    <ClInclude Include="AIManager.h">
      <Filter>Manager\AI\AIManager</Filter>
    </ClInclude>
    <ClInclude Include="CNode.h">
      <Filter>Manager\AI\Node</Filter>
    </ClInclude>
    <ClInclude Include="CVertex.h">
      <Filter>GameObject\Mesh\Vertex</Filter>
    </ClInclude>
    <ClInclude Include="CBoxMesh.h">
      <Filter>GameObject\Mesh\BoxMesh</Filter>
    </ClInclude>
    <ClInclude Include="CBullet.h">
      <Filter>GameObject\Bullet</Filter>
    </ClInclude>
    <ClInclude Include="CNumber.h">
      <Filter>GameObject\Plane\UI</Filter>
    </ClInclude>
    <ClInclude Include="CMenuScene.h">
      <Filter>Scene\MenuScene</Filter>
    </ClInclude>
    <ClInclude Include="DeviceManager.h">
      <Filter>Manager\DeviceManager</Filter>
    </ClInclude>
  </ItemGroup>
  <ItemGroup>
    <ClCompile Include="DDSTextureLoader12.cpp">
      <Filter>소스 파일</Filter>
    </ClCompile>
    <ClCompile Include="SingletonBase.cpp">
      <Filter>SingletonBase</Filter>
    </ClCompile>
    <ClCompile Include="DeviceManager.cpp">
      <Filter>Manager\DeviceManager</Filter>
    </ClCompile>
    <ClCompile Include="SceneManager.cpp">
      <Filter>Manager\SceneManager</Filter>
    </ClCompile>
    <ClCompile Include="Timer.cpp">
      <Filter>Timer</Filter>
    </ClCompile>
    <ClCompile Include="ObjectManager.cpp">
      <Filter>Manager\ObjectManager</Filter>
    </ClCompile>
    <ClCompile Include="CGameObject.cpp">
      <Filter>GameObject</Filter>
    </ClCompile>
    <ClCompile Include="CMesh.cpp">
      <Filter>GameObject\Mesh</Filter>
    </ClCompile>
    <ClCompile Include="CHeightMapMesh.cpp">
      <Filter>GameObject\Mesh\HeightMapMesh</Filter>
    </ClCompile>
    <ClCompile Include="CSkyBoxMesh.cpp">
      <Filter>GameObject\Mesh\SkyBoxMesh</Filter>
    </ClCompile>
    <ClCompile Include="CAnimationController.cpp">
      <Filter>GameObject\Mesh\AnimationController</Filter>
    </ClCompile>
    <ClCompile Include="CAircraftMesh.cpp">
      <Filter>GameObject\Mesh\AircraftMesh</Filter>
    </ClCompile>
    <ClCompile Include="CSkinnedMesh.cpp">
      <Filter>GameObject\Mesh\SkinnedMesh</Filter>
    </ClCompile>
    <ClCompile Include="CCamera.cpp">
      <Filter>GameObject\Camera</Filter>
    </ClCompile>
    <ClCompile Include="CPlayer.cpp">
      <Filter>GameObject\Player</Filter>
    </ClCompile>
    <ClCompile Include="CHeightMapTerrain.cpp">
      <Filter>GameObject\Terrain</Filter>
    </ClCompile>
    <ClCompile Include="WICTextureLoader12.cpp">
      <Filter>소스 파일</Filter>
    </ClCompile>
    <ClCompile Include="CShaderManager.cpp">
      <Filter>Manager\ShaderManager</Filter>
    </ClCompile>
    <ClCompile Include="CSkyBox.cpp">
      <Filter>GameObject\SkyBox</Filter>
    </ClCompile>
    <ClCompile Include="CSuperCobraObject.cpp">
      <Filter>GameObject\Helicopter\SuperCobra</Filter>
    </ClCompile>
    <ClCompile Include="CGunshipObject.cpp">
      <Filter>GameObject\Helicopter\Gunship</Filter>
    </ClCompile>
    <ClCompile Include="CAngrybotObject.cpp">
      <Filter>GameObject\CAngrybot</Filter>
    </ClCompile>
    <ClCompile Include="Project1.cpp">
      <Filter>Core</Filter>
    </ClCompile>
    <ClCompile Include="CTestScene.cpp">
      <Filter>Scene\TestScene</Filter>
    </ClCompile>
    <ClCompile Include="CScene.cpp">
      <Filter>Scene</Filter>
    </ClCompile>
    <ClCompile Include="stdafx.cpp">
      <Filter>소스 파일</Filter>
    </ClCompile>
    <ClCompile Include="KeyManager.cpp">
      <Filter>Manager\KeyManager</Filter>
    </ClCompile>
    <ClCompile Include="CPlaneMesh.cpp">
      <Filter>GameObject\Mesh\PlaneMesh</Filter>
    </ClCompile>
    <ClCompile Include="CPlane.cpp">
      <Filter>GameObject\Plane</Filter>
    </ClCompile>
    <ClCompile Include="CSphereCollider.cpp">
      <Filter>GameObject\ColisionObject</Filter>
    </ClCompile>
    <ClCompile Include="CMissle.cpp">
      <Filter>GameObject\Missle</Filter>
    </ClCompile>
    <ClCompile Include="CollisionManager.cpp">
      <Filter>Manager\CollisionManager</Filter>
    </ClCompile>
    <ClCompile Include="CBlurFilter.cpp">
      <Filter>Blur</Filter>
    </ClCompile>
    <ClCompile Include="CBlur.cpp">
      <Filter>Blur</Filter>
    </ClCompile>
    <ClCompile Include="CUI.cpp">
      <Filter>GameObject\Plane\UI</Filter>
    </ClCompile>
    <ClCompile Include="CMissleFog.cpp">
      <Filter>GameObject\Plane\Effect\MissleFog</Filter>
    </ClCompile>
    <ClCompile Include="CWater.cpp">
      <Filter>GameObject\Plane\Map\Water</Filter>
    </ClCompile>
    <ClCompile Include="CLockOnUI.cpp">
      <Filter>GameObject\Plane\UI</Filter>
    </ClCompile>
    <ClCompile Include="UIManager.cpp">
      <Filter>Manager\UIManager</Filter>
    </ClCompile>
    <ClCompile Include="CAfterBurner.cpp">
      <Filter>GameObject\Plane\Effect\AfterBurner</Filter>
    </ClCompile>
    <ClCompile Include="CCloud.cpp">
      <Filter>GameObject\Plane\Map\Cloud</Filter>
    </ClCompile>
    <ClCompile Include="CMissleSplash.cpp">
      <Filter>GameObject\Plane\Effect\MissleSplash</Filter>
    </ClCompile>
    <ClCompile Include="FileManager.cpp">
      <Filter>Manager\FileManager</Filter>
    </ClCompile>
    <ClCompile Include="LoadTextureManager.cpp">
      <Filter>Manager\LoadTextureManager</Filter>
    </ClCompile>
    <ClCompile Include="AIManager.cpp">
      <Filter>Manager\AI\AIManager</Filter>
    </ClCompile>
    <ClCompile Include="CNode.cpp">
      <Filter>Manager\AI\Node</Filter>
    </ClCompile>
    <ClCompile Include="CVertex.cpp">
      <Filter>GameObject\Mesh\Vertex</Filter>
    </ClCompile>
    <ClCompile Include="CBoxMesh.cpp">
      <Filter>GameObject\Mesh\BoxMesh</Filter>
    </ClCompile>
    <ClCompile Include="CBullet.cpp">
      <Filter>GameObject\Bullet</Filter>
    </ClCompile>
    <ClCompile Include="CNumber.cpp">
      <Filter>GameObject\Plane\UI</Filter>
    </ClCompile>
    <ClCompile Include="CMenuScene.cpp">
      <Filter>Scene\MenuScene</Filter>
    </ClCompile>
  </ItemGroup>
  <ItemGroup>
    <ResourceCompile Include="Project1.rc">
      <Filter>리소스 파일</Filter>
    </ResourceCompile>
  </ItemGroup>
  <ItemGroup>
    <Image Include="small.ico">
      <Filter>리소스 파일</Filter>
    </Image>
    <Image Include="Project1.ico">
      <Filter>리소스 파일</Filter>
    </Image>
  </ItemGroup>
  <ItemGroup>
    <FxCompile Include="Light.hlsl">
      <Filter>HLSL</Filter>
    </FxCompile>
    <FxCompile Include="Shaders.hlsl">
      <Filter>HLSL</Filter>
    </FxCompile>
    <FxCompile Include="Plane.hlsl">
      <Filter>HLSL</Filter>
    </FxCompile>
    <FxCompile Include="Blur.hlsl">
      <Filter>HLSL</Filter>
    </FxCompile>
    <FxCompile Include="MissleFog.hlsl">
      <Filter>HLSL</Filter>
    </FxCompile>
    <FxCompile Include="WaterBase.hlsl">
      <Filter>HLSL</Filter>
    </FxCompile>
    <FxCompile Include="UI.hlsl">
      <Filter>HLSL</Filter>
    </FxCompile>
    <FxCompile Include="Clouds.hlsl">
      <Filter>HLSL</Filter>
    </FxCompile>
    <FxCompile Include="MotionBlur.hlsl">
      <Filter>HLSL</Filter>
    </FxCompile>
  </ItemGroup>
</Project>