{
  "name": "jwframework",
  "version": "1.0.0",
  "lockfileVersion": 1,
  "requires": true,
  "dependencies": {
    "@types/three": {
      "version": "0.134.0",
      "resolved": "https://registry.npmjs.org/@types/three/-/three-0.134.0.tgz",
      "integrity": "sha512-4YB+99Rgqq27EjiYTItEoZtdjLnTh8W9LxowgpC9eWsjaQJIL4Kn/ZcUKAnW3gB/jS4hqGN8iqmid+RcUZDzpA=="
    },
    "commander": {
      "version": "0.5.2",
      "resolved": "https://registry.npmjs.org/commander/-/commander-0.5.2.tgz",
      "integrity": "sha512-/IKo89++b1UhClEhWvKk00gKgw6iwvwD8TOPTqqN9AyvjgPCnf9OrjnDNY3dPDOj+K+OhN9SRjYQH0AfX0bROw=="
    },
    "stats": {
      "version": "1.0.0",
      "resolved": "https://registry.npmjs.org/stats/-/stats-1.0.0.tgz",
      "integrity": "sha512-YmKiMSrDaYA8Iu8/mPbZQmQLfzUrCstea60zPLkBMjpUveRh89GLipU/7AuMRAAX3aMmnseSuJtkgpPv29VoqA==",
      "requires": {
        "commander": "0.5.2"
      }
    },
    "stats-js": {
      "version": "1.0.1",
      "resolved": "https://registry.npmjs.org/stats-js/-/stats-js-1.0.1.tgz",
      "integrity": "sha512-EAwEFghGNv8mlYC4CZzI5kWghsnP8uBKXw6VLRHtXkOk5xySfUKLTqTkjgJFfDluIkf/O7eZwi5MXP50VeTbUg=="
    },
    "stats.ts": {
      "version": "1.1.0",
      "resolved": "https://registry.npmjs.org/stats.ts/-/stats.ts-1.1.0.tgz",
      "integrity": "sha512-mokWb6xGU0elmDlUT6Y5E4zsUs/Enlq5fpyE7pfffpJg9Lg83GlL7B9zHEPA0eDvDC3Ko0ZZ50cjIN8yYJRPoQ=="
    }
  }
}
